
Microsoft Visual Studio Solution File, Format Version 12.00
# Visual Studio Version 17
VisualStudioVersion = 17.9.34728.123
MinimumVisualStudioVersion = 10.0.40219.1
Project("{FAE04EC0-301F-11D3-BF4B-00C04F79EFBC}") = "DateTimeLecture", "DateTimeLecture\DateTimeLecture.csproj", "{844404E8-B066-4C51-A7CC-BF5FA2D4584E}"
EndProject
Global
	GlobalSection(SolutionConfigurationPlatforms) = preSolution
		Debug|Any CPU = Debug|Any CPU
		Release|Any CPU = Release|Any CPU
	EndGlobalSection
	GlobalSection(ProjectConfigurationPlatforms) = postSolution
		{844404E8-B066-4C51-A7CC-BF5FA2D4584E}.Debug|Any CPU.ActiveCfg = Debug|Any CPU
		{844404E8-B066-4C51-A7CC-BF5FA2D4584E}.Debug|Any CPU.Build.0 = Debug|Any CPU
		{844404E8-B066-4C51-A7CC-BF5FA2D4584E}.Release|Any CPU.ActiveCfg = Release|Any CPU
		{844404E8-B066-4C51-A7CC-BF5FA2D4584E}.Release|Any CPU.Build.0 = Release|Any CPU
	EndGlobalSection
	GlobalSection(SolutionProperties) = preSolution
		HideSolutionNode = FALSE
	EndGlobalSection
	GlobalSection(ExtensibilityGlobals) = postSolution
		SolutionGuid = {6D78208D-BFE9-476E-97FA-A471809C4C10}
	EndGlobalSection
EndGlobal
