
Microsoft Visual Studio Solution File, Format Version 12.00
# Visual Studio Version 17
VisualStudioVersion = 17.9.34728.123
MinimumVisualStudioVersion = 10.0.40219.1
Project("{FAE04EC0-301F-11D3-BF4B-00C04F79EFBC}") = "DataTypesinDepth", "DataTypesinDepth\DataTypesinDepth.csproj", "{360CFC78-5BAC-4FF8-8FD1-6F1D046D9CB8}"
EndProject
Global
	GlobalSection(SolutionConfigurationPlatforms) = preSolution
		Debug|Any CPU = Debug|Any CPU
		Release|Any CPU = Release|Any CPU
	EndGlobalSection
	GlobalSection(ProjectConfigurationPlatforms) = postSolution
		{360CFC78-5BAC-4FF8-8FD1-6F1D046D9CB8}.Debug|Any CPU.ActiveCfg = Debug|Any CPU
		{360CFC78-5BAC-4FF8-8FD1-6F1D046D9CB8}.Debug|Any CPU.Build.0 = Debug|Any CPU
		{360CFC78-5BAC-4FF8-8FD1-6F1D046D9CB8}.Release|Any CPU.ActiveCfg = Release|Any CPU
		{360CFC78-5BAC-4FF8-8FD1-6F1D046D9CB8}.Release|Any CPU.Build.0 = Release|Any CPU
	EndGlobalSection
	GlobalSection(SolutionProperties) = preSolution
		HideSolutionNode = FALSE
	EndGlobalSection
	GlobalSection(ExtensibilityGlobals) = postSolution
		SolutionGuid = {64BA9DDF-DA4A-4A5E-8BD3-55FB8400982C}
	EndGlobalSection
EndGlobal
