
Microsoft Visual Studio Solution File, Format Version 12.00
# Visual Studio Version 17
VisualStudioVersion = 17.9.34728.123
MinimumVisualStudioVersion = 10.0.40219.1
Project("{FAE04EC0-301F-11D3-BF4B-00C04F79EFBC}") = "FloatingPointNumbers", "FloatingPointNumbers\FloatingPointNumbers.csproj", "{91F547B7-A89F-43B2-A081-8CA0D4063556}"
EndProject
Global
	GlobalSection(SolutionConfigurationPlatforms) = preSolution
		Debug|Any CPU = Debug|Any CPU
		Release|Any CPU = Release|Any CPU
	EndGlobalSection
	GlobalSection(ProjectConfigurationPlatforms) = postSolution
		{91F547B7-A89F-43B2-A081-8CA0D4063556}.Debug|Any CPU.ActiveCfg = Debug|Any CPU
		{91F547B7-A89F-43B2-A081-8CA0D4063556}.Debug|Any CPU.Build.0 = Debug|Any CPU
		{91F547B7-A89F-43B2-A081-8CA0D4063556}.Release|Any CPU.ActiveCfg = Release|Any CPU
		{91F547B7-A89F-43B2-A081-8CA0D4063556}.Release|Any CPU.Build.0 = Release|Any CPU
	EndGlobalSection
	GlobalSection(SolutionProperties) = preSolution
		HideSolutionNode = FALSE
	EndGlobalSection
	GlobalSection(ExtensibilityGlobals) = postSolution
		SolutionGuid = {53A45B90-67B1-4105-BC51-0F1DB499B255}
	EndGlobalSection
EndGlobal
