
Microsoft Visual Studio Solution File, Format Version 12.00
# Visual Studio Version 17
VisualStudioVersion = 17.9.34728.123
MinimumVisualStudioVersion = 10.0.40219.1
Project("{FAE04EC0-301F-11D3-BF4B-00C04F79EFBC}") = "Variables", "Variables\Variables.csproj", "{42A58B96-C384-4109-88B1-3B6765113CDE}"
EndProject
Global
	GlobalSection(SolutionConfigurationPlatforms) = preSolution
		Debug|Any CPU = Debug|Any CPU
		Release|Any CPU = Release|Any CPU
	EndGlobalSection
	GlobalSection(ProjectConfigurationPlatforms) = postSolution
		{42A58B96-C384-4109-88B1-3B6765113CDE}.Debug|Any CPU.ActiveCfg = Debug|Any CPU
		{42A58B96-C384-4109-88B1-3B6765113CDE}.Debug|Any CPU.Build.0 = Debug|Any CPU
		{42A58B96-C384-4109-88B1-3B6765113CDE}.Release|Any CPU.ActiveCfg = Release|Any CPU
		{42A58B96-C384-4109-88B1-3B6765113CDE}.Release|Any CPU.Build.0 = Release|Any CPU
	EndGlobalSection
	GlobalSection(SolutionProperties) = preSolution
		HideSolutionNode = FALSE
	EndGlobalSection
	GlobalSection(ExtensibilityGlobals) = postSolution
		SolutionGuid = {30F03342-7CB8-4E21-99B9-1DF9EAAAA84E}
	EndGlobalSection
EndGlobal
